
Microsoft Visual Studio Solution File, Format Version 12.00
# Visual Studio Version 16
VisualStudioVersion = 16.0.29920.165
MinimumVisualStudioVersion = 10.0.40219.1
Project("{9A19103F-16F7-4668-BE54-9A1E7A4F7556}") = "RecipesBook", "RecepiesBook\RecipesBook.csproj", "{423CF254-25E1-4106-A6F5-731FA1DD45CD}"
EndProject
Project("{9A19103F-16F7-4668-BE54-9A1E7A4F7556}") = "RecipesBook.Tests", "RecepiesBook.Tests\RecipesBook.Tests.csproj", "{31C88B83-40CA-4D67-880F-4950BEA29C76}"
EndProject
Global
	GlobalSection(SolutionConfigurationPlatforms) = preSolution
		Debug|Any CPU = Debug|Any CPU
		Release|Any CPU = Release|Any CPU
	EndGlobalSection
	GlobalSection(ProjectConfigurationPlatforms) = postSolution
		{423CF254-25E1-4106-A6F5-731FA1DD45CD}.Debug|Any CPU.ActiveCfg = Debug|Any CPU
		{423CF254-25E1-4106-A6F5-731FA1DD45CD}.Debug|Any CPU.Build.0 = Debug|Any CPU
		{423CF254-25E1-4106-A6F5-731FA1DD45CD}.Release|Any CPU.ActiveCfg = Release|Any CPU
		{423CF254-25E1-4106-A6F5-731FA1DD45CD}.Release|Any CPU.Build.0 = Release|Any CPU
		{31C88B83-40CA-4D67-880F-4950BEA29C76}.Debug|Any CPU.ActiveCfg = Debug|Any CPU
		{31C88B83-40CA-4D67-880F-4950BEA29C76}.Debug|Any CPU.Build.0 = Debug|Any CPU
		{31C88B83-40CA-4D67-880F-4950BEA29C76}.Release|Any CPU.ActiveCfg = Release|Any CPU
		{31C88B83-40CA-4D67-880F-4950BEA29C76}.Release|Any CPU.Build.0 = Release|Any CPU
	EndGlobalSection
	GlobalSection(SolutionProperties) = preSolution
		HideSolutionNode = FALSE
	EndGlobalSection
	GlobalSection(ExtensibilityGlobals) = postSolution
		SolutionGuid = {C738770D-0044-42D8-957E-A2654CCC7369}
	EndGlobalSection
EndGlobal
