
Microsoft Visual Studio Solution File, Format Version 12.00
# Visual Studio Version 16
VisualStudioVersion = 16.0.29920.165
MinimumVisualStudioVersion = 10.0.40219.1
Project("{9A19103F-16F7-4668-BE54-9A1E7A4F7556}") = "RecipesBook", "RecipesBook\RecipesBook.csproj", "{36C8EC0F-3F09-4B0C-B561-8481BB7BEDD2}"
EndProject
Project("{9A19103F-16F7-4668-BE54-9A1E7A4F7556}") = "RecipesBook.Tests", "RecipesBook.Tests\RecipesBook.Tests.csproj", "{CFC44454-C3FC-4378-85C8-90690ABD1A11}"
EndProject
Global
	GlobalSection(SolutionConfigurationPlatforms) = preSolution
		Debug|Any CPU = Debug|Any CPU
		Release|Any CPU = Release|Any CPU
	EndGlobalSection
	GlobalSection(ProjectConfigurationPlatforms) = postSolution
		{36C8EC0F-3F09-4B0C-B561-8481BB7BEDD2}.Debug|Any CPU.ActiveCfg = Debug|Any CPU
		{36C8EC0F-3F09-4B0C-B561-8481BB7BEDD2}.Debug|Any CPU.Build.0 = Debug|Any CPU
		{36C8EC0F-3F09-4B0C-B561-8481BB7BEDD2}.Release|Any CPU.ActiveCfg = Release|Any CPU
		{36C8EC0F-3F09-4B0C-B561-8481BB7BEDD2}.Release|Any CPU.Build.0 = Release|Any CPU
		{CFC44454-C3FC-4378-85C8-90690ABD1A11}.Debug|Any CPU.ActiveCfg = Debug|Any CPU
		{CFC44454-C3FC-4378-85C8-90690ABD1A11}.Debug|Any CPU.Build.0 = Debug|Any CPU
		{CFC44454-C3FC-4378-85C8-90690ABD1A11}.Release|Any CPU.ActiveCfg = Release|Any CPU
		{CFC44454-C3FC-4378-85C8-90690ABD1A11}.Release|Any CPU.Build.0 = Release|Any CPU
	EndGlobalSection
	GlobalSection(SolutionProperties) = preSolution
		HideSolutionNode = FALSE
	EndGlobalSection
	GlobalSection(ExtensibilityGlobals) = postSolution
		SolutionGuid = {C738770D-0044-42D8-957E-A2654CCC7369}
	EndGlobalSection
EndGlobal
